
Microsoft Visual Studio Solution File, Format Version 12.00
# Visual Studio 15
VisualStudioVersion = 15.0.26730.10
MinimumVisualStudioVersion = 10.0.40219.1
Project("{9A19103F-16F7-4668-BE54-9A1E7A4F7556}") = "CrankBank", "CrankBank.csproj", "{97F4DAC9-7E99-4CCD-991C-C298A9FDE082}"
EndProject
Global
	GlobalSection(SolutionConfigurationPlatforms) = preSolution
		Debug|Any CPU = Debug|Any CPU
		Release|Any CPU = Release|Any CPU
	EndGlobalSection
	GlobalSection(ProjectConfigurationPlatforms) = postSolution
		{97F4DAC9-7E99-4CCD-991C-C298A9FDE082}.Debug|Any CPU.ActiveCfg = Debug|Any CPU
		{97F4DAC9-7E99-4CCD-991C-C298A9FDE082}.Debug|Any CPU.Build.0 = Debug|Any CPU
		{97F4DAC9-7E99-4CCD-991C-C298A9FDE082}.Release|Any CPU.ActiveCfg = Release|Any CPU
		{97F4DAC9-7E99-4CCD-991C-C298A9FDE082}.Release|Any CPU.Build.0 = Release|Any CPU
	EndGlobalSection
	GlobalSection(SolutionProperties) = preSolution
		HideSolutionNode = FALSE
	EndGlobalSection
	GlobalSection(ExtensibilityGlobals) = postSolution
		SolutionGuid = {0FCD18A7-FC59-4B9F-BF2B-2347D63D92D5}
	EndGlobalSection
EndGlobal
